
Microsoft Visual Studio Solution File, Format Version 12.00
# Visual Studio Version 16
VisualStudioVersion = 16.0.29613.14
MinimumVisualStudioVersion = 10.0.40219.1
Project("{FAE04EC0-301F-11D3-BF4B-00C04F79EFBC}") = "Git", "Git\Git.csproj", "{F545B271-9E7A-4CC7-BC0F-B841514E071A}"
EndProject
Global
	GlobalSection(SolutionConfigurationPlatforms) = preSolution
		Debug|Any CPU = Debug|Any CPU
		Release|Any CPU = Release|Any CPU
	EndGlobalSection
	GlobalSection(ProjectConfigurationPlatforms) = postSolution
		{F545B271-9E7A-4CC7-BC0F-B841514E071A}.Debug|Any CPU.ActiveCfg = Debug|Any CPU
		{F545B271-9E7A-4CC7-BC0F-B841514E071A}.Debug|Any CPU.Build.0 = Debug|Any CPU
		{F545B271-9E7A-4CC7-BC0F-B841514E071A}.Release|Any CPU.ActiveCfg = Release|Any CPU
		{F545B271-9E7A-4CC7-BC0F-B841514E071A}.Release|Any CPU.Build.0 = Release|Any CPU
	EndGlobalSection
	GlobalSection(SolutionProperties) = preSolution
		HideSolutionNode = FALSE
	EndGlobalSection
	GlobalSection(ExtensibilityGlobals) = postSolution
		SolutionGuid = {33CFFA08-19D5-406B-A535-74B2F0EC3F7E}
	EndGlobalSection
EndGlobal
